
Microsoft Visual Studio Solution File, Format Version 12.00
# Visual Studio Version 16
VisualStudioVersion = 16.0.29509.3
MinimumVisualStudioVersion = 10.0.40219.1
Project("{FAE04EC0-301F-11D3-BF4B-00C04F79EFBC}") = "ProjectBC.Domain.Entities", "ProjectBC.Domain.Entities\ProjectBC.Domain.Entities.csproj", "{3F45AA34-3798-43B5-9B9A-1D01B594E666}"
EndProject
Project("{FAE04EC0-301F-11D3-BF4B-00C04F79EFBC}") = "ProjectBC.Domain.Entities.Tests", "ProjectBC.Domain.Entities.Tests\ProjectBC.Domain.Entities.Tests.csproj", "{B5975806-7405-42EF-8CF2-CD526B52D867}"
EndProject
Project("{FAE04EC0-301F-11D3-BF4B-00C04F79EFBC}") = "ProjectBC.Infrastructure", "ProjectBC.Infrastructure\ProjectBC.Infrastructure.csproj", "{211527B7-C1EA-431F-BAFF-47AFC2808C74}"
EndProject
Project("{FAE04EC0-301F-11D3-BF4B-00C04F79EFBC}") = "ProjectBC.Domain", "ProjectBC.Domain\ProjectBC.Domain.csproj", "{198E7248-495A-4C9A-B096-F2187E4BB593}"
EndProject
Project("{FAE04EC0-301F-11D3-BF4B-00C04F79EFBC}") = "ProjectBC.Api", "ProjectBC.Api\ProjectBC.Api.csproj", "{558BEA24-D41C-4C39-A052-EE144124C925}"
EndProject
Global
	GlobalSection(SolutionConfigurationPlatforms) = preSolution
		Debug|Any CPU = Debug|Any CPU
		Release|Any CPU = Release|Any CPU
	EndGlobalSection
	GlobalSection(ProjectConfigurationPlatforms) = postSolution
		{3F45AA34-3798-43B5-9B9A-1D01B594E666}.Debug|Any CPU.ActiveCfg = Debug|Any CPU
		{3F45AA34-3798-43B5-9B9A-1D01B594E666}.Debug|Any CPU.Build.0 = Debug|Any CPU
		{3F45AA34-3798-43B5-9B9A-1D01B594E666}.Release|Any CPU.ActiveCfg = Release|Any CPU
		{3F45AA34-3798-43B5-9B9A-1D01B594E666}.Release|Any CPU.Build.0 = Release|Any CPU
		{B5975806-7405-42EF-8CF2-CD526B52D867}.Debug|Any CPU.ActiveCfg = Debug|Any CPU
		{B5975806-7405-42EF-8CF2-CD526B52D867}.Debug|Any CPU.Build.0 = Debug|Any CPU
		{B5975806-7405-42EF-8CF2-CD526B52D867}.Release|Any CPU.ActiveCfg = Release|Any CPU
		{B5975806-7405-42EF-8CF2-CD526B52D867}.Release|Any CPU.Build.0 = Release|Any CPU
		{211527B7-C1EA-431F-BAFF-47AFC2808C74}.Debug|Any CPU.ActiveCfg = Debug|Any CPU
		{211527B7-C1EA-431F-BAFF-47AFC2808C74}.Debug|Any CPU.Build.0 = Debug|Any CPU
		{211527B7-C1EA-431F-BAFF-47AFC2808C74}.Release|Any CPU.ActiveCfg = Release|Any CPU
		{211527B7-C1EA-431F-BAFF-47AFC2808C74}.Release|Any CPU.Build.0 = Release|Any CPU
		{198E7248-495A-4C9A-B096-F2187E4BB593}.Debug|Any CPU.ActiveCfg = Debug|Any CPU
		{198E7248-495A-4C9A-B096-F2187E4BB593}.Debug|Any CPU.Build.0 = Debug|Any CPU
		{198E7248-495A-4C9A-B096-F2187E4BB593}.Release|Any CPU.ActiveCfg = Release|Any CPU
		{198E7248-495A-4C9A-B096-F2187E4BB593}.Release|Any CPU.Build.0 = Release|Any CPU
		{558BEA24-D41C-4C39-A052-EE144124C925}.Debug|Any CPU.ActiveCfg = Debug|Any CPU
		{558BEA24-D41C-4C39-A052-EE144124C925}.Debug|Any CPU.Build.0 = Debug|Any CPU
		{558BEA24-D41C-4C39-A052-EE144124C925}.Release|Any CPU.ActiveCfg = Release|Any CPU
		{558BEA24-D41C-4C39-A052-EE144124C925}.Release|Any CPU.Build.0 = Release|Any CPU
	EndGlobalSection
	GlobalSection(SolutionProperties) = preSolution
		HideSolutionNode = FALSE
	EndGlobalSection
	GlobalSection(ExtensibilityGlobals) = postSolution
		SolutionGuid = {F9C0AF27-9B4A-4A11-8B22-D941BCA323D7}
	EndGlobalSection
EndGlobal
