
Microsoft Visual Studio Solution File, Format Version 12.00
# Visual Studio Version 16
VisualStudioVersion = 16.0.29509.3
MinimumVisualStudioVersion = 10.0.40219.1
Project("{FAE04EC0-301F-11D3-BF4B-00C04F79EFBC}") = "ProjectBC.Domain.Entities", "ProjectBC.Domain.Entities\ProjectBC.Domain.Entities.csproj", "{3F45AA34-3798-43B5-9B9A-1D01B594E666}"
EndProject
Project("{FAE04EC0-301F-11D3-BF4B-00C04F79EFBC}") = "ProjectsBC.Api", "ProjectsBC.Api\ProjectsBC.Api.csproj", "{645965A5-030B-4517-9C43-F4DF19394BFC}"
EndProject
Global
	GlobalSection(SolutionConfigurationPlatforms) = preSolution
		Debug|Any CPU = Debug|Any CPU
		Release|Any CPU = Release|Any CPU
	EndGlobalSection
	GlobalSection(ProjectConfigurationPlatforms) = postSolution
		{3F45AA34-3798-43B5-9B9A-1D01B594E666}.Debug|Any CPU.ActiveCfg = Debug|Any CPU
		{3F45AA34-3798-43B5-9B9A-1D01B594E666}.Debug|Any CPU.Build.0 = Debug|Any CPU
		{3F45AA34-3798-43B5-9B9A-1D01B594E666}.Release|Any CPU.ActiveCfg = Release|Any CPU
		{3F45AA34-3798-43B5-9B9A-1D01B594E666}.Release|Any CPU.Build.0 = Release|Any CPU
		{645965A5-030B-4517-9C43-F4DF19394BFC}.Debug|Any CPU.ActiveCfg = Debug|Any CPU
		{645965A5-030B-4517-9C43-F4DF19394BFC}.Debug|Any CPU.Build.0 = Debug|Any CPU
		{645965A5-030B-4517-9C43-F4DF19394BFC}.Release|Any CPU.ActiveCfg = Release|Any CPU
		{645965A5-030B-4517-9C43-F4DF19394BFC}.Release|Any CPU.Build.0 = Release|Any CPU
	EndGlobalSection
	GlobalSection(SolutionProperties) = preSolution
		HideSolutionNode = FALSE
	EndGlobalSection
	GlobalSection(ExtensibilityGlobals) = postSolution
		SolutionGuid = {F9C0AF27-9B4A-4A11-8B22-D941BCA323D7}
	EndGlobalSection
EndGlobal
